
Microsoft Visual Studio Solution File, Format Version 12.00
# Visual Studio 15
VisualStudioVersion = 15.0.26730.3
MinimumVisualStudioVersion = 10.0.40219.1
Project("{D954291E-2A0B-460D-934E-DC6B0785DB48}") = "goPartyShared", "goParty\goParty\goPartyShared.shproj", "{A0CEAD62-A64E-4D2F-AE25-5E1BB70B0EFF}"
EndProject
Project("{FAE04EC0-301F-11D3-BF4B-00C04F79EFBC}") = "goParty.Android", "goParty\goParty.Android\goParty.Android.csproj", "{0F368C11-2BFF-4B74-A2BC-1EB76FB6C186}"
EndProject
Project("{FAE04EC0-301F-11D3-BF4B-00C04F79EFBC}") = "goParty.iOS", "goParty\goParty.iOS\goParty.iOS.csproj", "{468A780B-F80E-43C6-945C-8C4E87DB4BD9}"
EndProject
Project("{FAE04EC0-301F-11D3-BF4B-00C04F79EFBC}") = "goPartyPCL", "goPartyPCL\goPartyPCL.csproj", "{67F9D3A8-F71E-4428-913F-C37AE82CDB24}"
EndProject
Global
	GlobalSection(SharedMSBuildProjectFiles) = preSolution
		goParty\goParty\goParty.projitems*{0f368c11-2bff-4b74-a2bc-1eb76fb6c186}*SharedItemsImports = 4
		goParty\goParty\goParty.projitems*{468a780b-f80e-43c6-945c-8c4e87db4bd9}*SharedItemsImports = 4
		goParty\goParty\goParty.projitems*{a0cead62-a64e-4d2f-ae25-5e1bb70b0eff}*SharedItemsImports = 13
	EndGlobalSection
	GlobalSection(SolutionConfigurationPlatforms) = preSolution
		Ad-Hoc|Any CPU = Ad-Hoc|Any CPU
		Ad-Hoc|iPhone = Ad-Hoc|iPhone
		Ad-Hoc|iPhoneSimulator = Ad-Hoc|iPhoneSimulator
		AppStore|Any CPU = AppStore|Any CPU
		AppStore|iPhone = AppStore|iPhone
		AppStore|iPhoneSimulator = AppStore|iPhoneSimulator
		Debug|Any CPU = Debug|Any CPU
		Debug|iPhone = Debug|iPhone
		Debug|iPhoneSimulator = Debug|iPhoneSimulator
		Release|Any CPU = Release|Any CPU
		Release|iPhone = Release|iPhone
		Release|iPhoneSimulator = Release|iPhoneSimulator
	EndGlobalSection
	GlobalSection(ProjectConfigurationPlatforms) = postSolution
		{0F368C11-2BFF-4B74-A2BC-1EB76FB6C186}.Ad-Hoc|Any CPU.ActiveCfg = Release|Any CPU
		{0F368C11-2BFF-4B74-A2BC-1EB76FB6C186}.Ad-Hoc|Any CPU.Build.0 = Release|Any CPU
		{0F368C11-2BFF-4B74-A2BC-1EB76FB6C186}.Ad-Hoc|Any CPU.Deploy.0 = Release|Any CPU
		{0F368C11-2BFF-4B74-A2BC-1EB76FB6C186}.Ad-Hoc|iPhone.ActiveCfg = Release|Any CPU
		{0F368C11-2BFF-4B74-A2BC-1EB76FB6C186}.Ad-Hoc|iPhone.Build.0 = Release|Any CPU
		{0F368C11-2BFF-4B74-A2BC-1EB76FB6C186}.Ad-Hoc|iPhone.Deploy.0 = Release|Any CPU
		{0F368C11-2BFF-4B74-A2BC-1EB76FB6C186}.Ad-Hoc|iPhoneSimulator.ActiveCfg = Release|Any CPU
		{0F368C11-2BFF-4B74-A2BC-1EB76FB6C186}.Ad-Hoc|iPhoneSimulator.Build.0 = Release|Any CPU
		{0F368C11-2BFF-4B74-A2BC-1EB76FB6C186}.Ad-Hoc|iPhoneSimulator.Deploy.0 = Release|Any CPU
		{0F368C11-2BFF-4B74-A2BC-1EB76FB6C186}.AppStore|Any CPU.ActiveCfg = Release|Any CPU
		{0F368C11-2BFF-4B74-A2BC-1EB76FB6C186}.AppStore|Any CPU.Build.0 = Release|Any CPU
		{0F368C11-2BFF-4B74-A2BC-1EB76FB6C186}.AppStore|Any CPU.Deploy.0 = Release|Any CPU
		{0F368C11-2BFF-4B74-A2BC-1EB76FB6C186}.AppStore|iPhone.ActiveCfg = Release|Any CPU
		{0F368C11-2BFF-4B74-A2BC-1EB76FB6C186}.AppStore|iPhone.Build.0 = Release|Any CPU
		{0F368C11-2BFF-4B74-A2BC-1EB76FB6C186}.AppStore|iPhone.Deploy.0 = Release|Any CPU
		{0F368C11-2BFF-4B74-A2BC-1EB76FB6C186}.AppStore|iPhoneSimulator.ActiveCfg = Release|Any CPU
		{0F368C11-2BFF-4B74-A2BC-1EB76FB6C186}.AppStore|iPhoneSimulator.Build.0 = Release|Any CPU
		{0F368C11-2BFF-4B74-A2BC-1EB76FB6C186}.AppStore|iPhoneSimulator.Deploy.0 = Release|Any CPU
		{0F368C11-2BFF-4B74-A2BC-1EB76FB6C186}.Debug|Any CPU.ActiveCfg = Debug|Any CPU
		{0F368C11-2BFF-4B74-A2BC-1EB76FB6C186}.Debug|Any CPU.Build.0 = Debug|Any CPU
		{0F368C11-2BFF-4B74-A2BC-1EB76FB6C186}.Debug|Any CPU.Deploy.0 = Debug|Any CPU
		{0F368C11-2BFF-4B74-A2BC-1EB76FB6C186}.Debug|iPhone.ActiveCfg = Debug|Any CPU
		{0F368C11-2BFF-4B74-A2BC-1EB76FB6C186}.Debug|iPhone.Build.0 = Debug|Any CPU
		{0F368C11-2BFF-4B74-A2BC-1EB76FB6C186}.Debug|iPhone.Deploy.0 = Debug|Any CPU
		{0F368C11-2BFF-4B74-A2BC-1EB76FB6C186}.Debug|iPhoneSimulator.ActiveCfg = Debug|Any CPU
		{0F368C11-2BFF-4B74-A2BC-1EB76FB6C186}.Debug|iPhoneSimulator.Build.0 = Debug|Any CPU
		{0F368C11-2BFF-4B74-A2BC-1EB76FB6C186}.Debug|iPhoneSimulator.Deploy.0 = Debug|Any CPU
		{0F368C11-2BFF-4B74-A2BC-1EB76FB6C186}.Release|Any CPU.ActiveCfg = Release|Any CPU
		{0F368C11-2BFF-4B74-A2BC-1EB76FB6C186}.Release|Any CPU.Build.0 = Release|Any CPU
		{0F368C11-2BFF-4B74-A2BC-1EB76FB6C186}.Release|Any CPU.Deploy.0 = Release|Any CPU
		{0F368C11-2BFF-4B74-A2BC-1EB76FB6C186}.Release|iPhone.ActiveCfg = Release|Any CPU
		{0F368C11-2BFF-4B74-A2BC-1EB76FB6C186}.Release|iPhone.Build.0 = Release|Any CPU
		{0F368C11-2BFF-4B74-A2BC-1EB76FB6C186}.Release|iPhone.Deploy.0 = Release|Any CPU
		{0F368C11-2BFF-4B74-A2BC-1EB76FB6C186}.Release|iPhoneSimulator.ActiveCfg = Release|Any CPU
		{0F368C11-2BFF-4B74-A2BC-1EB76FB6C186}.Release|iPhoneSimulator.Build.0 = Release|Any CPU
		{0F368C11-2BFF-4B74-A2BC-1EB76FB6C186}.Release|iPhoneSimulator.Deploy.0 = Release|Any CPU
		{468A780B-F80E-43C6-945C-8C4E87DB4BD9}.Ad-Hoc|Any CPU.ActiveCfg = Ad-Hoc|iPhone
		{468A780B-F80E-43C6-945C-8C4E87DB4BD9}.Ad-Hoc|iPhone.ActiveCfg = Ad-Hoc|iPhone
		{468A780B-F80E-43C6-945C-8C4E87DB4BD9}.Ad-Hoc|iPhone.Build.0 = Ad-Hoc|iPhone
		{468A780B-F80E-43C6-945C-8C4E87DB4BD9}.Ad-Hoc|iPhoneSimulator.ActiveCfg = Ad-Hoc|iPhoneSimulator
		{468A780B-F80E-43C6-945C-8C4E87DB4BD9}.Ad-Hoc|iPhoneSimulator.Build.0 = Ad-Hoc|iPhoneSimulator
		{468A780B-F80E-43C6-945C-8C4E87DB4BD9}.AppStore|Any CPU.ActiveCfg = AppStore|iPhone
		{468A780B-F80E-43C6-945C-8C4E87DB4BD9}.AppStore|iPhone.ActiveCfg = AppStore|iPhone
		{468A780B-F80E-43C6-945C-8C4E87DB4BD9}.AppStore|iPhone.Build.0 = AppStore|iPhone
		{468A780B-F80E-43C6-945C-8C4E87DB4BD9}.AppStore|iPhoneSimulator.ActiveCfg = AppStore|iPhoneSimulator
		{468A780B-F80E-43C6-945C-8C4E87DB4BD9}.AppStore|iPhoneSimulator.Build.0 = AppStore|iPhoneSimulator
		{468A780B-F80E-43C6-945C-8C4E87DB4BD9}.Debug|Any CPU.ActiveCfg = Debug|iPhone
		{468A780B-F80E-43C6-945C-8C4E87DB4BD9}.Debug|iPhone.ActiveCfg = Debug|iPhone
		{468A780B-F80E-43C6-945C-8C4E87DB4BD9}.Debug|iPhone.Build.0 = Debug|iPhone
		{468A780B-F80E-43C6-945C-8C4E87DB4BD9}.Debug|iPhoneSimulator.ActiveCfg = Debug|iPhoneSimulator
		{468A780B-F80E-43C6-945C-8C4E87DB4BD9}.Debug|iPhoneSimulator.Build.0 = Debug|iPhoneSimulator
		{468A780B-F80E-43C6-945C-8C4E87DB4BD9}.Release|Any CPU.ActiveCfg = Release|iPhone
		{468A780B-F80E-43C6-945C-8C4E87DB4BD9}.Release|iPhone.ActiveCfg = Release|iPhone
		{468A780B-F80E-43C6-945C-8C4E87DB4BD9}.Release|iPhone.Build.0 = Release|iPhone
		{468A780B-F80E-43C6-945C-8C4E87DB4BD9}.Release|iPhoneSimulator.ActiveCfg = Release|iPhoneSimulator
		{468A780B-F80E-43C6-945C-8C4E87DB4BD9}.Release|iPhoneSimulator.Build.0 = Release|iPhoneSimulator
		{67F9D3A8-F71E-4428-913F-C37AE82CDB24}.Ad-Hoc|Any CPU.ActiveCfg = Release|Any CPU
		{67F9D3A8-F71E-4428-913F-C37AE82CDB24}.Ad-Hoc|Any CPU.Build.0 = Release|Any CPU
		{67F9D3A8-F71E-4428-913F-C37AE82CDB24}.Ad-Hoc|iPhone.ActiveCfg = Release|Any CPU
		{67F9D3A8-F71E-4428-913F-C37AE82CDB24}.Ad-Hoc|iPhone.Build.0 = Release|Any CPU
		{67F9D3A8-F71E-4428-913F-C37AE82CDB24}.Ad-Hoc|iPhoneSimulator.ActiveCfg = Release|Any CPU
		{67F9D3A8-F71E-4428-913F-C37AE82CDB24}.Ad-Hoc|iPhoneSimulator.Build.0 = Release|Any CPU
		{67F9D3A8-F71E-4428-913F-C37AE82CDB24}.AppStore|Any CPU.ActiveCfg = Release|Any CPU
		{67F9D3A8-F71E-4428-913F-C37AE82CDB24}.AppStore|Any CPU.Build.0 = Release|Any CPU
		{67F9D3A8-F71E-4428-913F-C37AE82CDB24}.AppStore|iPhone.ActiveCfg = Release|Any CPU
		{67F9D3A8-F71E-4428-913F-C37AE82CDB24}.AppStore|iPhone.Build.0 = Release|Any CPU
		{67F9D3A8-F71E-4428-913F-C37AE82CDB24}.AppStore|iPhoneSimulator.ActiveCfg = Release|Any CPU
		{67F9D3A8-F71E-4428-913F-C37AE82CDB24}.AppStore|iPhoneSimulator.Build.0 = Release|Any CPU
		{67F9D3A8-F71E-4428-913F-C37AE82CDB24}.Debug|Any CPU.ActiveCfg = Debug|Any CPU
		{67F9D3A8-F71E-4428-913F-C37AE82CDB24}.Debug|Any CPU.Build.0 = Debug|Any CPU
		{67F9D3A8-F71E-4428-913F-C37AE82CDB24}.Debug|iPhone.ActiveCfg = Debug|Any CPU
		{67F9D3A8-F71E-4428-913F-C37AE82CDB24}.Debug|iPhone.Build.0 = Debug|Any CPU
		{67F9D3A8-F71E-4428-913F-C37AE82CDB24}.Debug|iPhoneSimulator.ActiveCfg = Debug|Any CPU
		{67F9D3A8-F71E-4428-913F-C37AE82CDB24}.Debug|iPhoneSimulator.Build.0 = Debug|Any CPU
		{67F9D3A8-F71E-4428-913F-C37AE82CDB24}.Release|Any CPU.ActiveCfg = Release|Any CPU
		{67F9D3A8-F71E-4428-913F-C37AE82CDB24}.Release|Any CPU.Build.0 = Release|Any CPU
		{67F9D3A8-F71E-4428-913F-C37AE82CDB24}.Release|iPhone.ActiveCfg = Release|Any CPU
		{67F9D3A8-F71E-4428-913F-C37AE82CDB24}.Release|iPhone.Build.0 = Release|Any CPU
		{67F9D3A8-F71E-4428-913F-C37AE82CDB24}.Release|iPhoneSimulator.ActiveCfg = Release|Any CPU
		{67F9D3A8-F71E-4428-913F-C37AE82CDB24}.Release|iPhoneSimulator.Build.0 = Release|Any CPU
	EndGlobalSection
	GlobalSection(SolutionProperties) = preSolution
		HideSolutionNode = FALSE
	EndGlobalSection
	GlobalSection(ExtensibilityGlobals) = postSolution
		SolutionGuid = {B9EFC988-CE5B-488F-A622-3C711712C0F2}
	EndGlobalSection
EndGlobal
